
Microsoft Visual Studio Solution File, Format Version 12.00
# Visual Studio 15
VisualStudioVersion = 15.0.26430.6
MinimumVisualStudioVersion = 10.0.40219.1
Project("{2150E333-8FDC-42A3-9474-1A3956D46DE8}") = "src", "src", "{E8F7F39E-EF31-41DB-AD66-DE4957C740FA}"
EndProject
Project("{2150E333-8FDC-42A3-9474-1A3956D46DE8}") = "Solution Items", "Solution Items", "{018303BC-0CB6-4796-A4F4-CC876A82F672}"
	ProjectSection(SolutionItems) = preProject
		.editorconfig = .editorconfig
		.gitattributes = .gitattributes
		.gitignore = .gitignore
		.travis.yml = .travis.yml
		appveyor.yml = appveyor.yml
		GitReleaseManager.yaml = GitReleaseManager.yaml
		README.md = README.md
	EndProjectSection
EndProject
Project("{2150E333-8FDC-42A3-9474-1A3956D46DE8}") = "build", "build", "{35F73B20-EFA5-40D2-8E14-046EDE5C1B04}"
	ProjectSection(SolutionItems) = preProject
		build.cake = build.cake
		build.ps1 = build.ps1
		build.sh = build.sh
		build\common.props = build\common.props
		build\index.cake = build\index.cake
		build\util.cake = build\util.cake
		build\version.cake = build\version.cake
		build\version.props = build\version.props
	EndProjectSection
EndProject
Project("{2150E333-8FDC-42A3-9474-1A3956D46DE8}") = "test", "test", "{DB29D02D-7021-48ED-82A3-F217BAAAC835}"
EndProject
Project("{2150E333-8FDC-42A3-9474-1A3956D46DE8}") = "samples", "samples", "{655F658E-4286-4F1D-B6E2-EF1EB49E48BC}"
EndProject
Project("{9A19103F-16F7-4668-BE54-9A1E7A4F7556}") = "MR.Augmenter", "src\MR.Augmenter\MR.Augmenter.csproj", "{3F392D1E-32A2-4BF6-8C13-862B4ED0372B}"
EndProject
Project("{9A19103F-16F7-4668-BE54-9A1E7A4F7556}") = "MR.Augmenter.Tests", "test\MR.Augmenter.Tests\MR.Augmenter.Tests.csproj", "{F34DE258-F0C6-44A8-8376-FB82BDBA5E9F}"
EndProject
Project("{9A19103F-16F7-4668-BE54-9A1E7A4F7556}") = "MR.Augmenter.AspNetCore", "src\MR.Augmenter.AspNetCore\MR.Augmenter.AspNetCore.csproj", "{4E4426D0-6B26-4C2D-AA7C-4FABD57BDD42}"
EndProject
Project("{9A19103F-16F7-4668-BE54-9A1E7A4F7556}") = "Basic", "samples\Basic\Basic.csproj", "{427C7BA9-AA4D-4E23-8F89-953B17D00337}"
EndProject
Project("{9A19103F-16F7-4668-BE54-9A1E7A4F7556}") = "MR.Augmenter.AspNetCore.Tests", "test\MR.Augmenter.AspNetCore.Tests\MR.Augmenter.AspNetCore.Tests.csproj", "{1A2FDA2E-4CEE-443B-AD56-9324DF336FF7}"
EndProject
Project("{9A19103F-16F7-4668-BE54-9A1E7A4F7556}") = "Benchmark", "samples\Benchmark\Benchmark.csproj", "{D447D366-83C0-4B50-A46C-CC0B1DD3567D}"
EndProject
Global
	GlobalSection(SolutionConfigurationPlatforms) = preSolution
		Debug|Any CPU = Debug|Any CPU
		Release|Any CPU = Release|Any CPU
	EndGlobalSection
	GlobalSection(ProjectConfigurationPlatforms) = postSolution
		{3F392D1E-32A2-4BF6-8C13-862B4ED0372B}.Debug|Any CPU.ActiveCfg = Debug|Any CPU
		{3F392D1E-32A2-4BF6-8C13-862B4ED0372B}.Debug|Any CPU.Build.0 = Debug|Any CPU
		{3F392D1E-32A2-4BF6-8C13-862B4ED0372B}.Release|Any CPU.ActiveCfg = Release|Any CPU
		{3F392D1E-32A2-4BF6-8C13-862B4ED0372B}.Release|Any CPU.Build.0 = Release|Any CPU
		{F34DE258-F0C6-44A8-8376-FB82BDBA5E9F}.Debug|Any CPU.ActiveCfg = Debug|Any CPU
		{F34DE258-F0C6-44A8-8376-FB82BDBA5E9F}.Debug|Any CPU.Build.0 = Debug|Any CPU
		{F34DE258-F0C6-44A8-8376-FB82BDBA5E9F}.Release|Any CPU.ActiveCfg = Release|Any CPU
		{F34DE258-F0C6-44A8-8376-FB82BDBA5E9F}.Release|Any CPU.Build.0 = Release|Any CPU
		{4E4426D0-6B26-4C2D-AA7C-4FABD57BDD42}.Debug|Any CPU.ActiveCfg = Debug|Any CPU
		{4E4426D0-6B26-4C2D-AA7C-4FABD57BDD42}.Debug|Any CPU.Build.0 = Debug|Any CPU
		{4E4426D0-6B26-4C2D-AA7C-4FABD57BDD42}.Release|Any CPU.ActiveCfg = Release|Any CPU
		{4E4426D0-6B26-4C2D-AA7C-4FABD57BDD42}.Release|Any CPU.Build.0 = Release|Any CPU
		{427C7BA9-AA4D-4E23-8F89-953B17D00337}.Debug|Any CPU.ActiveCfg = Debug|Any CPU
		{427C7BA9-AA4D-4E23-8F89-953B17D00337}.Debug|Any CPU.Build.0 = Debug|Any CPU
		{427C7BA9-AA4D-4E23-8F89-953B17D00337}.Release|Any CPU.ActiveCfg = Release|Any CPU
		{427C7BA9-AA4D-4E23-8F89-953B17D00337}.Release|Any CPU.Build.0 = Release|Any CPU
		{1A2FDA2E-4CEE-443B-AD56-9324DF336FF7}.Debug|Any CPU.ActiveCfg = Debug|Any CPU
		{1A2FDA2E-4CEE-443B-AD56-9324DF336FF7}.Debug|Any CPU.Build.0 = Debug|Any CPU
		{1A2FDA2E-4CEE-443B-AD56-9324DF336FF7}.Release|Any CPU.ActiveCfg = Release|Any CPU
		{1A2FDA2E-4CEE-443B-AD56-9324DF336FF7}.Release|Any CPU.Build.0 = Release|Any CPU
		{D447D366-83C0-4B50-A46C-CC0B1DD3567D}.Debug|Any CPU.ActiveCfg = Debug|Any CPU
		{D447D366-83C0-4B50-A46C-CC0B1DD3567D}.Debug|Any CPU.Build.0 = Debug|Any CPU
		{D447D366-83C0-4B50-A46C-CC0B1DD3567D}.Release|Any CPU.ActiveCfg = Release|Any CPU
		{D447D366-83C0-4B50-A46C-CC0B1DD3567D}.Release|Any CPU.Build.0 = Release|Any CPU
	EndGlobalSection
	GlobalSection(SolutionProperties) = preSolution
		HideSolutionNode = FALSE
	EndGlobalSection
	GlobalSection(NestedProjects) = preSolution
		{3F392D1E-32A2-4BF6-8C13-862B4ED0372B} = {E8F7F39E-EF31-41DB-AD66-DE4957C740FA}
		{F34DE258-F0C6-44A8-8376-FB82BDBA5E9F} = {DB29D02D-7021-48ED-82A3-F217BAAAC835}
		{4E4426D0-6B26-4C2D-AA7C-4FABD57BDD42} = {E8F7F39E-EF31-41DB-AD66-DE4957C740FA}
		{427C7BA9-AA4D-4E23-8F89-953B17D00337} = {655F658E-4286-4F1D-B6E2-EF1EB49E48BC}
		{1A2FDA2E-4CEE-443B-AD56-9324DF336FF7} = {DB29D02D-7021-48ED-82A3-F217BAAAC835}
		{D447D366-83C0-4B50-A46C-CC0B1DD3567D} = {655F658E-4286-4F1D-B6E2-EF1EB49E48BC}
	EndGlobalSection
EndGlobal
